
Microsoft Visual Studio Solution File, Format Version 12.00
# Visual Studio Version 17
VisualStudioVersion = 17.8.0.0
MinimumVisualStudioVersion = 17.8.0.0
Project("{9A19103F-16F7-4668-BE54-9A1E7A4F7556}") = "AppHost", "AppHost\AppHost.csproj", "{8DF6DF9D-7303-4811-975B-03BC6B2AE004}"
EndProject
Project("{54A90642-561A-4BB1-A94E-469ADEE60C69}") = "Companion.WebApp", "apps\Client\Companion.WebApp\Companion.WebApp.esproj", "{9E51F1D4-47F4-4992-A163-5EB5D6BD1314}"
EndProject
Project("{2150E333-8FDC-42A3-9474-1A3956D46DE8}") = "apps", "apps", "{1787FE1D-075E-9E68-7218-25F1BD1BBEAB}"
EndProject
Project("{2150E333-8FDC-42A3-9474-1A3956D46DE8}") = "Server", "Server", "{8D626EA8-CB54-BC41-363A-217881BEBA6E}"
EndProject
Project("{FAE04EC0-301F-11D3-BF4B-00C04F79EFBC}") = "Companion.Domain", "apps\Server\Companion\Companion.Domain\Companion.Domain.csproj", "{B2B17CB8-A510-42D5-885D-8E7B343CA459}"
EndProject
Project("{FAE04EC0-301F-11D3-BF4B-00C04F79EFBC}") = "Companion.Application", "apps\Server\Companion\Companion.Application\Companion.Application.csproj", "{C3D196EA-AA4A-458B-A3CF-FA3D248C9B9B}"
EndProject
Project("{FAE04EC0-301F-11D3-BF4B-00C04F79EFBC}") = "Companion.Infrastructure", "apps\Server\Companion\Companion.Infrastructure\Companion.Infrastructure.csproj", "{6AD8ACD7-D724-44E3-ADD3-14996AEBA369}"
EndProject
Project("{FAE04EC0-301F-11D3-BF4B-00C04F79EFBC}") = "Companion.Presentation", "apps\Server\Companion\Companion.Presentation\Companion.Presentation.csproj", "{3A7F1BC2-D489-4E65-8F92-0A1B3C5D7E9F}"
EndProject
Project("{FAE04EC0-301F-11D3-BF4B-00C04F79EFBC}") = "Companion.SkullKing.Domain", "apps\Server\SkullKing\Companion.SkullKing.Domain\Companion.SkullKing.Domain.csproj", "{2C607F6E-0481-4D45-A7D6-1DF47D62FBB4}"
EndProject
Project("{FAE04EC0-301F-11D3-BF4B-00C04F79EFBC}") = "Companion.SkullKing.Application", "apps\Server\SkullKing\Companion.SkullKing.Application\Companion.SkullKing.Application.csproj", "{0D67F4C4-652E-4883-BDC0-AA5E5675C992}"
EndProject
Project("{FAE04EC0-301F-11D3-BF4B-00C04F79EFBC}") = "Companion.SkullKing.Infrastructure", "apps\Server\SkullKing\Companion.SkullKing.Infrastructure\Companion.SkullKing.Infrastructure.csproj", "{B8BB1465-80A6-437D-BC33-DB9A99052D72}"
EndProject
Project("{FAE04EC0-301F-11D3-BF4B-00C04F79EFBC}") = "Companion.SkullKing.Presentation", "apps\Server\SkullKing\Companion.SkullKing.Presentation\Companion.SkullKing.Presentation.csproj", "{5C8D2EF4-A691-4B76-9023-1C3D5E7F9A0B}"
EndProject
Project("{FAE04EC0-301F-11D3-BF4B-00C04F79EFBC}") = "Companion.Domain.Tests", "tests\Companion.Domain.Tests\Companion.Domain.Tests.csproj", "{F562CFD0-30B6-4064-98C7-2F8BCBA395DF}"
EndProject
Project("{FAE04EC0-301F-11D3-BF4B-00C04F79EFBC}") = "Companion.SkullKing.Domain.Tests", "tests\Companion.SkullKing.Domain.Tests\Companion.SkullKing.Domain.Tests.csproj", "{6FC8120C-CDED-4A73-B3EE-48848CECF390}"
EndProject
Project("{2150E333-8FDC-42A3-9474-1A3956D46DE8}") = "Companion", "Companion", "{F4662471-3DFF-0EDF-D590-92A886AF086F}"
EndProject
Project("{2150E333-8FDC-42A3-9474-1A3956D46DE8}") = "SkullKing", "SkullKing", "{21E3F345-8AF4-B1C0-8059-B77345E10132}"
EndProject
Project("{2150E333-8FDC-42A3-9474-1A3956D46DE8}") = "Client", "Client", "{A4D75D2C-4CB4-C929-D788-9CD7305C4437}"
EndProject
Global
	GlobalSection(SolutionConfigurationPlatforms) = preSolution
		Debug|Any CPU = Debug|Any CPU
		Debug|x64 = Debug|x64
		Debug|x86 = Debug|x86
		Release|Any CPU = Release|Any CPU
		Release|x64 = Release|x64
		Release|x86 = Release|x86
	EndGlobalSection
	GlobalSection(ProjectConfigurationPlatforms) = postSolution
		{8DF6DF9D-7303-4811-975B-03BC6B2AE004}.Debug|Any CPU.ActiveCfg = Debug|Any CPU
		{8DF6DF9D-7303-4811-975B-03BC6B2AE004}.Debug|Any CPU.Build.0 = Debug|Any CPU
		{8DF6DF9D-7303-4811-975B-03BC6B2AE004}.Debug|x64.ActiveCfg = Debug|Any CPU
		{8DF6DF9D-7303-4811-975B-03BC6B2AE004}.Debug|x64.Build.0 = Debug|Any CPU
		{8DF6DF9D-7303-4811-975B-03BC6B2AE004}.Debug|x86.ActiveCfg = Debug|Any CPU
		{8DF6DF9D-7303-4811-975B-03BC6B2AE004}.Debug|x86.Build.0 = Debug|Any CPU
		{8DF6DF9D-7303-4811-975B-03BC6B2AE004}.Release|Any CPU.ActiveCfg = Release|Any CPU
		{8DF6DF9D-7303-4811-975B-03BC6B2AE004}.Release|Any CPU.Build.0 = Release|Any CPU
		{8DF6DF9D-7303-4811-975B-03BC6B2AE004}.Release|x64.ActiveCfg = Release|Any CPU
		{8DF6DF9D-7303-4811-975B-03BC6B2AE004}.Release|x64.Build.0 = Release|Any CPU
		{8DF6DF9D-7303-4811-975B-03BC6B2AE004}.Release|x86.ActiveCfg = Release|Any CPU
		{8DF6DF9D-7303-4811-975B-03BC6B2AE004}.Release|x86.Build.0 = Release|Any CPU
		{9E51F1D4-47F4-4992-A163-5EB5D6BD1314}.Debug|Any CPU.ActiveCfg = Debug|Any CPU
		{9E51F1D4-47F4-4992-A163-5EB5D6BD1314}.Debug|Any CPU.Build.0 = Debug|Any CPU
		{9E51F1D4-47F4-4992-A163-5EB5D6BD1314}.Debug|x64.ActiveCfg = Debug|x64
		{9E51F1D4-47F4-4992-A163-5EB5D6BD1314}.Debug|x86.ActiveCfg = Debug|x86
		{9E51F1D4-47F4-4992-A163-5EB5D6BD1314}.Release|Any CPU.ActiveCfg = Release|Any CPU
		{9E51F1D4-47F4-4992-A163-5EB5D6BD1314}.Release|Any CPU.Build.0 = Release|Any CPU
		{9E51F1D4-47F4-4992-A163-5EB5D6BD1314}.Release|x64.ActiveCfg = Release|x64
		{9E51F1D4-47F4-4992-A163-5EB5D6BD1314}.Release|x86.ActiveCfg = Release|x86
		{B2B17CB8-A510-42D5-885D-8E7B343CA459}.Debug|Any CPU.ActiveCfg = Debug|Any CPU
		{B2B17CB8-A510-42D5-885D-8E7B343CA459}.Debug|Any CPU.Build.0 = Debug|Any CPU
		{B2B17CB8-A510-42D5-885D-8E7B343CA459}.Debug|x64.ActiveCfg = Debug|Any CPU
		{B2B17CB8-A510-42D5-885D-8E7B343CA459}.Debug|x64.Build.0 = Debug|Any CPU
		{B2B17CB8-A510-42D5-885D-8E7B343CA459}.Debug|x86.ActiveCfg = Debug|Any CPU
		{B2B17CB8-A510-42D5-885D-8E7B343CA459}.Debug|x86.Build.0 = Debug|Any CPU
		{B2B17CB8-A510-42D5-885D-8E7B343CA459}.Release|Any CPU.ActiveCfg = Release|Any CPU
		{B2B17CB8-A510-42D5-885D-8E7B343CA459}.Release|Any CPU.Build.0 = Release|Any CPU
		{B2B17CB8-A510-42D5-885D-8E7B343CA459}.Release|x64.ActiveCfg = Release|Any CPU
		{B2B17CB8-A510-42D5-885D-8E7B343CA459}.Release|x64.Build.0 = Release|Any CPU
		{B2B17CB8-A510-42D5-885D-8E7B343CA459}.Release|x86.ActiveCfg = Release|Any CPU
		{B2B17CB8-A510-42D5-885D-8E7B343CA459}.Release|x86.Build.0 = Release|Any CPU
		{C3D196EA-AA4A-458B-A3CF-FA3D248C9B9B}.Debug|Any CPU.ActiveCfg = Debug|Any CPU
		{C3D196EA-AA4A-458B-A3CF-FA3D248C9B9B}.Debug|Any CPU.Build.0 = Debug|Any CPU
		{C3D196EA-AA4A-458B-A3CF-FA3D248C9B9B}.Debug|x64.ActiveCfg = Debug|Any CPU
		{C3D196EA-AA4A-458B-A3CF-FA3D248C9B9B}.Debug|x64.Build.0 = Debug|Any CPU
		{C3D196EA-AA4A-458B-A3CF-FA3D248C9B9B}.Debug|x86.ActiveCfg = Debug|Any CPU
		{C3D196EA-AA4A-458B-A3CF-FA3D248C9B9B}.Debug|x86.Build.0 = Debug|Any CPU
		{C3D196EA-AA4A-458B-A3CF-FA3D248C9B9B}.Release|Any CPU.ActiveCfg = Release|Any CPU
		{C3D196EA-AA4A-458B-A3CF-FA3D248C9B9B}.Release|Any CPU.Build.0 = Release|Any CPU
		{C3D196EA-AA4A-458B-A3CF-FA3D248C9B9B}.Release|x64.ActiveCfg = Release|Any CPU
		{C3D196EA-AA4A-458B-A3CF-FA3D248C9B9B}.Release|x64.Build.0 = Release|Any CPU
		{C3D196EA-AA4A-458B-A3CF-FA3D248C9B9B}.Release|x86.ActiveCfg = Release|Any CPU
		{C3D196EA-AA4A-458B-A3CF-FA3D248C9B9B}.Release|x86.Build.0 = Release|Any CPU
		{6AD8ACD7-D724-44E3-ADD3-14996AEBA369}.Debug|Any CPU.ActiveCfg = Debug|Any CPU
		{6AD8ACD7-D724-44E3-ADD3-14996AEBA369}.Debug|Any CPU.Build.0 = Debug|Any CPU
		{6AD8ACD7-D724-44E3-ADD3-14996AEBA369}.Debug|x64.ActiveCfg = Debug|Any CPU
		{6AD8ACD7-D724-44E3-ADD3-14996AEBA369}.Debug|x64.Build.0 = Debug|Any CPU
		{6AD8ACD7-D724-44E3-ADD3-14996AEBA369}.Debug|x86.ActiveCfg = Debug|Any CPU
		{6AD8ACD7-D724-44E3-ADD3-14996AEBA369}.Debug|x86.Build.0 = Debug|Any CPU
		{6AD8ACD7-D724-44E3-ADD3-14996AEBA369}.Release|Any CPU.ActiveCfg = Release|Any CPU
		{6AD8ACD7-D724-44E3-ADD3-14996AEBA369}.Release|Any CPU.Build.0 = Release|Any CPU
		{6AD8ACD7-D724-44E3-ADD3-14996AEBA369}.Release|x64.ActiveCfg = Release|Any CPU
		{6AD8ACD7-D724-44E3-ADD3-14996AEBA369}.Release|x64.Build.0 = Release|Any CPU
		{6AD8ACD7-D724-44E3-ADD3-14996AEBA369}.Release|x86.ActiveCfg = Release|Any CPU
		{6AD8ACD7-D724-44E3-ADD3-14996AEBA369}.Release|x86.Build.0 = Release|Any CPU
		{3A7F1BC2-D489-4E65-8F92-0A1B3C5D7E9F}.Debug|Any CPU.ActiveCfg = Debug|Any CPU
		{3A7F1BC2-D489-4E65-8F92-0A1B3C5D7E9F}.Debug|Any CPU.Build.0 = Debug|Any CPU
		{3A7F1BC2-D489-4E65-8F92-0A1B3C5D7E9F}.Debug|x64.ActiveCfg = Debug|Any CPU
		{3A7F1BC2-D489-4E65-8F92-0A1B3C5D7E9F}.Debug|x64.Build.0 = Debug|Any CPU
		{3A7F1BC2-D489-4E65-8F92-0A1B3C5D7E9F}.Debug|x86.ActiveCfg = Debug|Any CPU
		{3A7F1BC2-D489-4E65-8F92-0A1B3C5D7E9F}.Debug|x86.Build.0 = Debug|Any CPU
		{3A7F1BC2-D489-4E65-8F92-0A1B3C5D7E9F}.Release|Any CPU.ActiveCfg = Release|Any CPU
		{3A7F1BC2-D489-4E65-8F92-0A1B3C5D7E9F}.Release|Any CPU.Build.0 = Release|Any CPU
		{3A7F1BC2-D489-4E65-8F92-0A1B3C5D7E9F}.Release|x64.ActiveCfg = Release|Any CPU
		{3A7F1BC2-D489-4E65-8F92-0A1B3C5D7E9F}.Release|x64.Build.0 = Release|Any CPU
		{3A7F1BC2-D489-4E65-8F92-0A1B3C5D7E9F}.Release|x86.ActiveCfg = Release|Any CPU
		{3A7F1BC2-D489-4E65-8F92-0A1B3C5D7E9F}.Release|x86.Build.0 = Release|Any CPU
		{2C607F6E-0481-4D45-A7D6-1DF47D62FBB4}.Debug|Any CPU.ActiveCfg = Debug|Any CPU
		{2C607F6E-0481-4D45-A7D6-1DF47D62FBB4}.Debug|Any CPU.Build.0 = Debug|Any CPU
		{2C607F6E-0481-4D45-A7D6-1DF47D62FBB4}.Debug|x64.ActiveCfg = Debug|Any CPU
		{2C607F6E-0481-4D45-A7D6-1DF47D62FBB4}.Debug|x64.Build.0 = Debug|Any CPU
		{2C607F6E-0481-4D45-A7D6-1DF47D62FBB4}.Debug|x86.ActiveCfg = Debug|Any CPU
		{2C607F6E-0481-4D45-A7D6-1DF47D62FBB4}.Debug|x86.Build.0 = Debug|Any CPU
		{2C607F6E-0481-4D45-A7D6-1DF47D62FBB4}.Release|Any CPU.ActiveCfg = Release|Any CPU
		{2C607F6E-0481-4D45-A7D6-1DF47D62FBB4}.Release|Any CPU.Build.0 = Release|Any CPU
		{2C607F6E-0481-4D45-A7D6-1DF47D62FBB4}.Release|x64.ActiveCfg = Release|Any CPU
		{2C607F6E-0481-4D45-A7D6-1DF47D62FBB4}.Release|x64.Build.0 = Release|Any CPU
		{2C607F6E-0481-4D45-A7D6-1DF47D62FBB4}.Release|x86.ActiveCfg = Release|Any CPU
		{2C607F6E-0481-4D45-A7D6-1DF47D62FBB4}.Release|x86.Build.0 = Release|Any CPU
		{0D67F4C4-652E-4883-BDC0-AA5E5675C992}.Debug|Any CPU.ActiveCfg = Debug|Any CPU
		{0D67F4C4-652E-4883-BDC0-AA5E5675C992}.Debug|Any CPU.Build.0 = Debug|Any CPU
		{0D67F4C4-652E-4883-BDC0-AA5E5675C992}.Debug|x64.ActiveCfg = Debug|Any CPU
		{0D67F4C4-652E-4883-BDC0-AA5E5675C992}.Debug|x64.Build.0 = Debug|Any CPU
		{0D67F4C4-652E-4883-BDC0-AA5E5675C992}.Debug|x86.ActiveCfg = Debug|Any CPU
		{0D67F4C4-652E-4883-BDC0-AA5E5675C992}.Debug|x86.Build.0 = Debug|Any CPU
		{0D67F4C4-652E-4883-BDC0-AA5E5675C992}.Release|Any CPU.ActiveCfg = Release|Any CPU
		{0D67F4C4-652E-4883-BDC0-AA5E5675C992}.Release|Any CPU.Build.0 = Release|Any CPU
		{0D67F4C4-652E-4883-BDC0-AA5E5675C992}.Release|x64.ActiveCfg = Release|Any CPU
		{0D67F4C4-652E-4883-BDC0-AA5E5675C992}.Release|x64.Build.0 = Release|Any CPU
		{0D67F4C4-652E-4883-BDC0-AA5E5675C992}.Release|x86.ActiveCfg = Release|Any CPU
		{0D67F4C4-652E-4883-BDC0-AA5E5675C992}.Release|x86.Build.0 = Release|Any CPU
		{B8BB1465-80A6-437D-BC33-DB9A99052D72}.Debug|Any CPU.ActiveCfg = Debug|Any CPU
		{B8BB1465-80A6-437D-BC33-DB9A99052D72}.Debug|Any CPU.Build.0 = Debug|Any CPU
		{B8BB1465-80A6-437D-BC33-DB9A99052D72}.Debug|x64.ActiveCfg = Debug|Any CPU
		{B8BB1465-80A6-437D-BC33-DB9A99052D72}.Debug|x64.Build.0 = Debug|Any CPU
		{B8BB1465-80A6-437D-BC33-DB9A99052D72}.Debug|x86.ActiveCfg = Debug|Any CPU
		{B8BB1465-80A6-437D-BC33-DB9A99052D72}.Debug|x86.Build.0 = Debug|Any CPU
		{B8BB1465-80A6-437D-BC33-DB9A99052D72}.Release|Any CPU.ActiveCfg = Release|Any CPU
		{B8BB1465-80A6-437D-BC33-DB9A99052D72}.Release|Any CPU.Build.0 = Release|Any CPU
		{B8BB1465-80A6-437D-BC33-DB9A99052D72}.Release|x64.ActiveCfg = Release|Any CPU
		{B8BB1465-80A6-437D-BC33-DB9A99052D72}.Release|x64.Build.0 = Release|Any CPU
		{B8BB1465-80A6-437D-BC33-DB9A99052D72}.Release|x86.ActiveCfg = Release|Any CPU
		{B8BB1465-80A6-437D-BC33-DB9A99052D72}.Release|x86.Build.0 = Release|Any CPU
		{5C8D2EF4-A691-4B76-9023-1C3D5E7F9A0B}.Debug|Any CPU.ActiveCfg = Debug|Any CPU
		{5C8D2EF4-A691-4B76-9023-1C3D5E7F9A0B}.Debug|Any CPU.Build.0 = Debug|Any CPU
		{5C8D2EF4-A691-4B76-9023-1C3D5E7F9A0B}.Debug|x64.ActiveCfg = Debug|Any CPU
		{5C8D2EF4-A691-4B76-9023-1C3D5E7F9A0B}.Debug|x64.Build.0 = Debug|Any CPU
		{5C8D2EF4-A691-4B76-9023-1C3D5E7F9A0B}.Debug|x86.ActiveCfg = Debug|Any CPU
		{5C8D2EF4-A691-4B76-9023-1C3D5E7F9A0B}.Debug|x86.Build.0 = Debug|Any CPU
		{5C8D2EF4-A691-4B76-9023-1C3D5E7F9A0B}.Release|Any CPU.ActiveCfg = Release|Any CPU
		{5C8D2EF4-A691-4B76-9023-1C3D5E7F9A0B}.Release|Any CPU.Build.0 = Release|Any CPU
		{5C8D2EF4-A691-4B76-9023-1C3D5E7F9A0B}.Release|x64.ActiveCfg = Release|Any CPU
		{5C8D2EF4-A691-4B76-9023-1C3D5E7F9A0B}.Release|x64.Build.0 = Release|Any CPU
		{5C8D2EF4-A691-4B76-9023-1C3D5E7F9A0B}.Release|x86.ActiveCfg = Release|Any CPU
		{5C8D2EF4-A691-4B76-9023-1C3D5E7F9A0B}.Release|x86.Build.0 = Release|Any CPU
		{F562CFD0-30B6-4064-98C7-2F8BCBA395DF}.Debug|Any CPU.ActiveCfg = Debug|Any CPU
		{F562CFD0-30B6-4064-98C7-2F8BCBA395DF}.Debug|Any CPU.Build.0 = Debug|Any CPU
		{F562CFD0-30B6-4064-98C7-2F8BCBA395DF}.Debug|x64.ActiveCfg = Debug|Any CPU
		{F562CFD0-30B6-4064-98C7-2F8BCBA395DF}.Debug|x64.Build.0 = Debug|Any CPU
		{F562CFD0-30B6-4064-98C7-2F8BCBA395DF}.Debug|x86.ActiveCfg = Debug|Any CPU
		{F562CFD0-30B6-4064-98C7-2F8BCBA395DF}.Debug|x86.Build.0 = Debug|Any CPU
		{F562CFD0-30B6-4064-98C7-2F8BCBA395DF}.Release|Any CPU.ActiveCfg = Release|Any CPU
		{F562CFD0-30B6-4064-98C7-2F8BCBA395DF}.Release|Any CPU.Build.0 = Release|Any CPU
		{F562CFD0-30B6-4064-98C7-2F8BCBA395DF}.Release|x64.ActiveCfg = Release|Any CPU
		{F562CFD0-30B6-4064-98C7-2F8BCBA395DF}.Release|x64.Build.0 = Release|Any CPU
		{F562CFD0-30B6-4064-98C7-2F8BCBA395DF}.Release|x86.ActiveCfg = Release|Any CPU
		{F562CFD0-30B6-4064-98C7-2F8BCBA395DF}.Release|x86.Build.0 = Release|Any CPU
		{6FC8120C-CDED-4A73-B3EE-48848CECF390}.Debug|Any CPU.ActiveCfg = Debug|Any CPU
		{6FC8120C-CDED-4A73-B3EE-48848CECF390}.Debug|Any CPU.Build.0 = Debug|Any CPU
		{6FC8120C-CDED-4A73-B3EE-48848CECF390}.Debug|x64.ActiveCfg = Debug|Any CPU
		{6FC8120C-CDED-4A73-B3EE-48848CECF390}.Debug|x64.Build.0 = Debug|Any CPU
		{6FC8120C-CDED-4A73-B3EE-48848CECF390}.Debug|x86.ActiveCfg = Debug|Any CPU
		{6FC8120C-CDED-4A73-B3EE-48848CECF390}.Debug|x86.Build.0 = Debug|Any CPU
		{6FC8120C-CDED-4A73-B3EE-48848CECF390}.Release|Any CPU.ActiveCfg = Release|Any CPU
		{6FC8120C-CDED-4A73-B3EE-48848CECF390}.Release|Any CPU.Build.0 = Release|Any CPU
		{6FC8120C-CDED-4A73-B3EE-48848CECF390}.Release|x64.ActiveCfg = Release|Any CPU
		{6FC8120C-CDED-4A73-B3EE-48848CECF390}.Release|x64.Build.0 = Release|Any CPU
		{6FC8120C-CDED-4A73-B3EE-48848CECF390}.Release|x86.ActiveCfg = Release|Any CPU
		{6FC8120C-CDED-4A73-B3EE-48848CECF390}.Release|x86.Build.0 = Release|Any CPU
	EndGlobalSection
	GlobalSection(SolutionProperties) = preSolution
		HideSolutionNode = FALSE
	EndGlobalSection
	GlobalSection(NestedProjects) = preSolution
		{9E51F1D4-47F4-4992-A163-5EB5D6BD1314} = {A4D75D2C-4CB4-C929-D788-9CD7305C4437}
		{8D626EA8-CB54-BC41-363A-217881BEBA6E} = {1787FE1D-075E-9E68-7218-25F1BD1BBEAB}
		{B2B17CB8-A510-42D5-885D-8E7B343CA459} = {F4662471-3DFF-0EDF-D590-92A886AF086F}
		{C3D196EA-AA4A-458B-A3CF-FA3D248C9B9B} = {F4662471-3DFF-0EDF-D590-92A886AF086F}
		{6AD8ACD7-D724-44E3-ADD3-14996AEBA369} = {F4662471-3DFF-0EDF-D590-92A886AF086F}
		{3A7F1BC2-D489-4E65-8F92-0A1B3C5D7E9F} = {F4662471-3DFF-0EDF-D590-92A886AF086F}
		{2C607F6E-0481-4D45-A7D6-1DF47D62FBB4} = {21E3F345-8AF4-B1C0-8059-B77345E10132}
		{0D67F4C4-652E-4883-BDC0-AA5E5675C992} = {21E3F345-8AF4-B1C0-8059-B77345E10132}
		{B8BB1465-80A6-437D-BC33-DB9A99052D72} = {21E3F345-8AF4-B1C0-8059-B77345E10132}
		{5C8D2EF4-A691-4B76-9023-1C3D5E7F9A0B} = {21E3F345-8AF4-B1C0-8059-B77345E10132}
		{F562CFD0-30B6-4064-98C7-2F8BCBA395DF} = {F4662471-3DFF-0EDF-D590-92A886AF086F}
		{6FC8120C-CDED-4A73-B3EE-48848CECF390} = {21E3F345-8AF4-B1C0-8059-B77345E10132}
		{F4662471-3DFF-0EDF-D590-92A886AF086F} = {8D626EA8-CB54-BC41-363A-217881BEBA6E}
		{21E3F345-8AF4-B1C0-8059-B77345E10132} = {8D626EA8-CB54-BC41-363A-217881BEBA6E}
		{A4D75D2C-4CB4-C929-D788-9CD7305C4437} = {1787FE1D-075E-9E68-7218-25F1BD1BBEAB}
	EndGlobalSection
	GlobalSection(ExtensibilityGlobals) = postSolution
		SolutionGuid = {8B566DE8-C9AF-4138-8CCA-9ADF54A243BD}
	EndGlobalSection
EndGlobal
